
Microsoft Visual Studio Solution File, Format Version 12.00
# Visual Studio 15
VisualStudioVersion = 15.0.28307.421
MinimumVisualStudioVersion = 10.0.40219.1
Project("{FAE04EC0-301F-11D3-BF4B-00C04F79EFBC}") = "Geo Team", "Geo Team\Geo Team.csproj", "{4DE28794-A759-4EC7-9396-2AB135DDB0EF}"
EndProject
Project("{54435603-DBB4-11D2-8724-00A0C9A8B90C}") = "Setup", "Setup\Setup.vdproj", "{26C35E89-7EAB-46FA-A918-D678AB23F31C}"
EndProject
Global
	GlobalSection(SolutionConfigurationPlatforms) = preSolution
		Debug|Any CPU = Debug|Any CPU
		Release|Any CPU = Release|Any CPU
	EndGlobalSection
	GlobalSection(ProjectConfigurationPlatforms) = postSolution
		{4DE28794-A759-4EC7-9396-2AB135DDB0EF}.Debug|Any CPU.ActiveCfg = Debug|Any CPU
		{4DE28794-A759-4EC7-9396-2AB135DDB0EF}.Debug|Any CPU.Build.0 = Debug|Any CPU
		{4DE28794-A759-4EC7-9396-2AB135DDB0EF}.Release|Any CPU.ActiveCfg = Release|Any CPU
		{4DE28794-A759-4EC7-9396-2AB135DDB0EF}.Release|Any CPU.Build.0 = Release|Any CPU
		{26C35E89-7EAB-46FA-A918-D678AB23F31C}.Debug|Any CPU.ActiveCfg = Debug
		{26C35E89-7EAB-46FA-A918-D678AB23F31C}.Release|Any CPU.ActiveCfg = Release
	EndGlobalSection
	GlobalSection(SolutionProperties) = preSolution
		HideSolutionNode = FALSE
	EndGlobalSection
	GlobalSection(ExtensibilityGlobals) = postSolution
		SolutionGuid = {6BCD1D7C-ECFF-4333-A219-6BD9F4E8AFD7}
	EndGlobalSection
EndGlobal
